
Microsoft Visual Studio Solution File, Format Version 12.00
# Visual Studio Version 17
VisualStudioVersion = 17.14.36414.22
MinimumVisualStudioVersion = 10.0.40219.1
Project("{FAE04EC0-301F-11D3-BF4B-00C04F79EFBC}") = "WPF-LoginForm", "Infociel\WPF-LoginForm.csproj", "{684B9D44-0B2F-44BF-9741-28A12F26E019}"
EndProject
Project("{54435603-DBB4-11D2-8724-00A0C9A8B90C}") = "InfocielInstaller", "InfocielInstaller\InfocielInstaller.vdproj", "{D8B7F4FD-AB49-44E0-E0A5-2AAB4A07A9A9}"
EndProject
Global
	GlobalSection(SolutionConfigurationPlatforms) = preSolution
		Debug|Any CPU = Debug|Any CPU
		Release|Any CPU = Release|Any CPU
	EndGlobalSection
	GlobalSection(ProjectConfigurationPlatforms) = postSolution
		{684B9D44-0B2F-44BF-9741-28A12F26E019}.Debug|Any CPU.ActiveCfg = Debug|Any CPU
		{684B9D44-0B2F-44BF-9741-28A12F26E019}.Debug|Any CPU.Build.0 = Debug|Any CPU
		{684B9D44-0B2F-44BF-9741-28A12F26E019}.Release|Any CPU.ActiveCfg = Release|Any CPU
		{684B9D44-0B2F-44BF-9741-28A12F26E019}.Release|Any CPU.Build.0 = Release|Any CPU
		{D8B7F4FD-AB49-44E0-E0A5-2AAB4A07A9A9}.Debug|Any CPU.ActiveCfg = Debug
		{D8B7F4FD-AB49-44E0-E0A5-2AAB4A07A9A9}.Release|Any CPU.ActiveCfg = Release
	EndGlobalSection
	GlobalSection(SolutionProperties) = preSolution
		HideSolutionNode = FALSE
	EndGlobalSection
	GlobalSection(ExtensibilityGlobals) = postSolution
		SolutionGuid = {B00873FF-4C06-4685-80DF-92B7B2E09F47}
	EndGlobalSection
EndGlobal
